
Microsoft Visual Studio Solution File, Format Version 12.00
# Visual Studio Version 16
VisualStudioVersion = 16.0.31515.178
MinimumVisualStudioVersion = 10.0.40219.1
Project("{FAE04EC0-301F-11D3-BF4B-00C04F79EFBC}") = "MvcProject", "MvcStok\MvcProject.csproj", "{6631FBCD-8AFD-429E-9730-97C3C90AAFB9}"
EndProject
Global
	GlobalSection(SolutionConfigurationPlatforms) = preSolution
		Debug|Any CPU = Debug|Any CPU
		Release|Any CPU = Release|Any CPU
	EndGlobalSection
	GlobalSection(ProjectConfigurationPlatforms) = postSolution
		{6631FBCD-8AFD-429E-9730-97C3C90AAFB9}.Debug|Any CPU.ActiveCfg = Debug|Any CPU
		{6631FBCD-8AFD-429E-9730-97C3C90AAFB9}.Debug|Any CPU.Build.0 = Debug|Any CPU
		{6631FBCD-8AFD-429E-9730-97C3C90AAFB9}.Release|Any CPU.ActiveCfg = Release|Any CPU
		{6631FBCD-8AFD-429E-9730-97C3C90AAFB9}.Release|Any CPU.Build.0 = Release|Any CPU
	EndGlobalSection
	GlobalSection(SolutionProperties) = preSolution
		HideSolutionNode = FALSE
	EndGlobalSection
	GlobalSection(ExtensibilityGlobals) = postSolution
		SolutionGuid = {9110E89C-FDC1-46CE-8BF8-A57F40DE5FC0}
	EndGlobalSection
EndGlobal
